
Microsoft Visual Studio Solution File, Format Version 12.00
# Visual Studio Version 17
VisualStudioVersion = 17.0.31903.59
MinimumVisualStudioVersion = 10.0.40219.1
Project("{2150E333-8FDC-42A3-9474-1A3956D46DE8}") = "src", "src", "{827E0CD3-B72D-47B6-A68D-7590B98EB39B}"
EndProject
Project("{FAE04EC0-301F-11D3-BF4B-00C04F79EFBC}") = "ExpenseTrackerAPI.WebApi", "src\ExpenseTrackerAPI.WebApi\ExpenseTrackerAPI.WebApi.csproj", "{DAB99295-4B94-42A4-B86D-8000D73E9CDD}"
EndProject
Project("{FAE04EC0-301F-11D3-BF4B-00C04F79EFBC}") = "ExpenseTrackerAPI.Contracts", "src\ExpenseTrackerAPI.Contracts\ExpenseTrackerAPI.Contracts.csproj", "{D97D48D1-7E64-42CE-BD1F-1CD43524AF03}"
EndProject
Project("{FAE04EC0-301F-11D3-BF4B-00C04F79EFBC}") = "ExpenseTrackerAPI.Application", "src\ExpenseTrackerAPI.Application\ExpenseTrackerAPI.Application.csproj", "{E2077E4E-0400-4A7A-8038-4A9F88A7A7C1}"
EndProject
Project("{FAE04EC0-301F-11D3-BF4B-00C04F79EFBC}") = "ExpenseTrackerAPI.Domain", "src\ExpenseTrackerAPI.Domain\ExpenseTrackerAPI.Domain.csproj", "{580B24C8-1072-4A85-BCD4-A498221A5CCF}"
EndProject
Project("{FAE04EC0-301F-11D3-BF4B-00C04F79EFBC}") = "ExpenseTrackerAPI.Infrastructure", "src\ExpenseTrackerAPI.Infrastructure\ExpenseTrackerAPI.Infrastructure.csproj", "{2DB38D9D-ECCE-4AD4-9FDA-BF27A8659F66}"
EndProject
Project("{2150E333-8FDC-42A3-9474-1A3956D46DE8}") = "tests", "tests", "{0AB3BF05-4346-4AA6-1389-037BE0695223}"
EndProject
Project("{FAE04EC0-301F-11D3-BF4B-00C04F79EFBC}") = "ExpenseTrackerAPI.Domain.Tests", "tests\ExpenseTrackerAPI.Domain.Tests\ExpenseTrackerAPI.Domain.Tests.csproj", "{EA9D2E86-E98F-4C5D-A217-1B10DC04E92F}"
EndProject
Project("{FAE04EC0-301F-11D3-BF4B-00C04F79EFBC}") = "ExpenseTrackerAPI.Application.Tests", "tests\ExpenseTrackerAPI.Application.Tests\ExpenseTrackerAPI.Application.Tests.csproj", "{4ED6E63D-5447-4373-8622-04B31F2F6590}"
EndProject
Global
	GlobalSection(SolutionConfigurationPlatforms) = preSolution
		Debug|Any CPU = Debug|Any CPU
		Debug|x64 = Debug|x64
		Debug|x86 = Debug|x86
		Release|Any CPU = Release|Any CPU
		Release|x64 = Release|x64
		Release|x86 = Release|x86
	EndGlobalSection
	GlobalSection(ProjectConfigurationPlatforms) = postSolution
		{DAB99295-4B94-42A4-B86D-8000D73E9CDD}.Debug|Any CPU.ActiveCfg = Debug|Any CPU
		{DAB99295-4B94-42A4-B86D-8000D73E9CDD}.Debug|Any CPU.Build.0 = Debug|Any CPU
		{DAB99295-4B94-42A4-B86D-8000D73E9CDD}.Debug|x64.ActiveCfg = Debug|Any CPU
		{DAB99295-4B94-42A4-B86D-8000D73E9CDD}.Debug|x64.Build.0 = Debug|Any CPU
		{DAB99295-4B94-42A4-B86D-8000D73E9CDD}.Debug|x86.ActiveCfg = Debug|Any CPU
		{DAB99295-4B94-42A4-B86D-8000D73E9CDD}.Debug|x86.Build.0 = Debug|Any CPU
		{DAB99295-4B94-42A4-B86D-8000D73E9CDD}.Release|Any CPU.ActiveCfg = Release|Any CPU
		{DAB99295-4B94-42A4-B86D-8000D73E9CDD}.Release|Any CPU.Build.0 = Release|Any CPU
		{DAB99295-4B94-42A4-B86D-8000D73E9CDD}.Release|x64.ActiveCfg = Release|Any CPU
		{DAB99295-4B94-42A4-B86D-8000D73E9CDD}.Release|x64.Build.0 = Release|Any CPU
		{DAB99295-4B94-42A4-B86D-8000D73E9CDD}.Release|x86.ActiveCfg = Release|Any CPU
		{DAB99295-4B94-42A4-B86D-8000D73E9CDD}.Release|x86.Build.0 = Release|Any CPU
		{D97D48D1-7E64-42CE-BD1F-1CD43524AF03}.Debug|Any CPU.ActiveCfg = Debug|Any CPU
		{D97D48D1-7E64-42CE-BD1F-1CD43524AF03}.Debug|Any CPU.Build.0 = Debug|Any CPU
		{D97D48D1-7E64-42CE-BD1F-1CD43524AF03}.Debug|x64.ActiveCfg = Debug|Any CPU
		{D97D48D1-7E64-42CE-BD1F-1CD43524AF03}.Debug|x64.Build.0 = Debug|Any CPU
		{D97D48D1-7E64-42CE-BD1F-1CD43524AF03}.Debug|x86.ActiveCfg = Debug|Any CPU
		{D97D48D1-7E64-42CE-BD1F-1CD43524AF03}.Debug|x86.Build.0 = Debug|Any CPU
		{D97D48D1-7E64-42CE-BD1F-1CD43524AF03}.Release|Any CPU.ActiveCfg = Release|Any CPU
		{D97D48D1-7E64-42CE-BD1F-1CD43524AF03}.Release|Any CPU.Build.0 = Release|Any CPU
		{D97D48D1-7E64-42CE-BD1F-1CD43524AF03}.Release|x64.ActiveCfg = Release|Any CPU
		{D97D48D1-7E64-42CE-BD1F-1CD43524AF03}.Release|x64.Build.0 = Release|Any CPU
		{D97D48D1-7E64-42CE-BD1F-1CD43524AF03}.Release|x86.ActiveCfg = Release|Any CPU
		{D97D48D1-7E64-42CE-BD1F-1CD43524AF03}.Release|x86.Build.0 = Release|Any CPU
		{E2077E4E-0400-4A7A-8038-4A9F88A7A7C1}.Debug|Any CPU.ActiveCfg = Debug|Any CPU
		{E2077E4E-0400-4A7A-8038-4A9F88A7A7C1}.Debug|Any CPU.Build.0 = Debug|Any CPU
		{E2077E4E-0400-4A7A-8038-4A9F88A7A7C1}.Debug|x64.ActiveCfg = Debug|Any CPU
		{E2077E4E-0400-4A7A-8038-4A9F88A7A7C1}.Debug|x64.Build.0 = Debug|Any CPU
		{E2077E4E-0400-4A7A-8038-4A9F88A7A7C1}.Debug|x86.ActiveCfg = Debug|Any CPU
		{E2077E4E-0400-4A7A-8038-4A9F88A7A7C1}.Debug|x86.Build.0 = Debug|Any CPU
		{E2077E4E-0400-4A7A-8038-4A9F88A7A7C1}.Release|Any CPU.ActiveCfg = Release|Any CPU
		{E2077E4E-0400-4A7A-8038-4A9F88A7A7C1}.Release|Any CPU.Build.0 = Release|Any CPU
		{E2077E4E-0400-4A7A-8038-4A9F88A7A7C1}.Release|x64.ActiveCfg = Release|Any CPU
		{E2077E4E-0400-4A7A-8038-4A9F88A7A7C1}.Release|x64.Build.0 = Release|Any CPU
		{E2077E4E-0400-4A7A-8038-4A9F88A7A7C1}.Release|x86.ActiveCfg = Release|Any CPU
		{E2077E4E-0400-4A7A-8038-4A9F88A7A7C1}.Release|x86.Build.0 = Release|Any CPU
		{580B24C8-1072-4A85-BCD4-A498221A5CCF}.Debug|Any CPU.ActiveCfg = Debug|Any CPU
		{580B24C8-1072-4A85-BCD4-A498221A5CCF}.Debug|Any CPU.Build.0 = Debug|Any CPU
		{580B24C8-1072-4A85-BCD4-A498221A5CCF}.Debug|x64.ActiveCfg = Debug|Any CPU
		{580B24C8-1072-4A85-BCD4-A498221A5CCF}.Debug|x64.Build.0 = Debug|Any CPU
		{580B24C8-1072-4A85-BCD4-A498221A5CCF}.Debug|x86.ActiveCfg = Debug|Any CPU
		{580B24C8-1072-4A85-BCD4-A498221A5CCF}.Debug|x86.Build.0 = Debug|Any CPU
		{580B24C8-1072-4A85-BCD4-A498221A5CCF}.Release|Any CPU.ActiveCfg = Release|Any CPU
		{580B24C8-1072-4A85-BCD4-A498221A5CCF}.Release|Any CPU.Build.0 = Release|Any CPU
		{580B24C8-1072-4A85-BCD4-A498221A5CCF}.Release|x64.ActiveCfg = Release|Any CPU
		{580B24C8-1072-4A85-BCD4-A498221A5CCF}.Release|x64.Build.0 = Release|Any CPU
		{580B24C8-1072-4A85-BCD4-A498221A5CCF}.Release|x86.ActiveCfg = Release|Any CPU
		{580B24C8-1072-4A85-BCD4-A498221A5CCF}.Release|x86.Build.0 = Release|Any CPU
		{2DB38D9D-ECCE-4AD4-9FDA-BF27A8659F66}.Debug|Any CPU.ActiveCfg = Debug|Any CPU
		{2DB38D9D-ECCE-4AD4-9FDA-BF27A8659F66}.Debug|Any CPU.Build.0 = Debug|Any CPU
		{2DB38D9D-ECCE-4AD4-9FDA-BF27A8659F66}.Debug|x64.ActiveCfg = Debug|Any CPU
		{2DB38D9D-ECCE-4AD4-9FDA-BF27A8659F66}.Debug|x64.Build.0 = Debug|Any CPU
		{2DB38D9D-ECCE-4AD4-9FDA-BF27A8659F66}.Debug|x86.ActiveCfg = Debug|Any CPU
		{2DB38D9D-ECCE-4AD4-9FDA-BF27A8659F66}.Debug|x86.Build.0 = Debug|Any CPU
		{2DB38D9D-ECCE-4AD4-9FDA-BF27A8659F66}.Release|Any CPU.ActiveCfg = Release|Any CPU
		{2DB38D9D-ECCE-4AD4-9FDA-BF27A8659F66}.Release|Any CPU.Build.0 = Release|Any CPU
		{2DB38D9D-ECCE-4AD4-9FDA-BF27A8659F66}.Release|x64.ActiveCfg = Release|Any CPU
		{2DB38D9D-ECCE-4AD4-9FDA-BF27A8659F66}.Release|x64.Build.0 = Release|Any CPU
		{2DB38D9D-ECCE-4AD4-9FDA-BF27A8659F66}.Release|x86.ActiveCfg = Release|Any CPU
		{2DB38D9D-ECCE-4AD4-9FDA-BF27A8659F66}.Release|x86.Build.0 = Release|Any CPU
		{EA9D2E86-E98F-4C5D-A217-1B10DC04E92F}.Debug|Any CPU.ActiveCfg = Debug|Any CPU
		{EA9D2E86-E98F-4C5D-A217-1B10DC04E92F}.Debug|Any CPU.Build.0 = Debug|Any CPU
		{EA9D2E86-E98F-4C5D-A217-1B10DC04E92F}.Debug|x64.ActiveCfg = Debug|Any CPU
		{EA9D2E86-E98F-4C5D-A217-1B10DC04E92F}.Debug|x64.Build.0 = Debug|Any CPU
		{EA9D2E86-E98F-4C5D-A217-1B10DC04E92F}.Debug|x86.ActiveCfg = Debug|Any CPU
		{EA9D2E86-E98F-4C5D-A217-1B10DC04E92F}.Debug|x86.Build.0 = Debug|Any CPU
		{EA9D2E86-E98F-4C5D-A217-1B10DC04E92F}.Release|Any CPU.ActiveCfg = Release|Any CPU
		{EA9D2E86-E98F-4C5D-A217-1B10DC04E92F}.Release|Any CPU.Build.0 = Release|Any CPU
		{EA9D2E86-E98F-4C5D-A217-1B10DC04E92F}.Release|x64.ActiveCfg = Release|Any CPU
		{EA9D2E86-E98F-4C5D-A217-1B10DC04E92F}.Release|x64.Build.0 = Release|Any CPU
		{EA9D2E86-E98F-4C5D-A217-1B10DC04E92F}.Release|x86.ActiveCfg = Release|Any CPU
		{EA9D2E86-E98F-4C5D-A217-1B10DC04E92F}.Release|x86.Build.0 = Release|Any CPU
		{4ED6E63D-5447-4373-8622-04B31F2F6590}.Debug|Any CPU.ActiveCfg = Debug|Any CPU
		{4ED6E63D-5447-4373-8622-04B31F2F6590}.Debug|Any CPU.Build.0 = Debug|Any CPU
		{4ED6E63D-5447-4373-8622-04B31F2F6590}.Debug|x64.ActiveCfg = Debug|Any CPU
		{4ED6E63D-5447-4373-8622-04B31F2F6590}.Debug|x64.Build.0 = Debug|Any CPU
		{4ED6E63D-5447-4373-8622-04B31F2F6590}.Debug|x86.ActiveCfg = Debug|Any CPU
		{4ED6E63D-5447-4373-8622-04B31F2F6590}.Debug|x86.Build.0 = Debug|Any CPU
		{4ED6E63D-5447-4373-8622-04B31F2F6590}.Release|Any CPU.ActiveCfg = Release|Any CPU
		{4ED6E63D-5447-4373-8622-04B31F2F6590}.Release|Any CPU.Build.0 = Release|Any CPU
		{4ED6E63D-5447-4373-8622-04B31F2F6590}.Release|x64.ActiveCfg = Release|Any CPU
		{4ED6E63D-5447-4373-8622-04B31F2F6590}.Release|x64.Build.0 = Release|Any CPU
		{4ED6E63D-5447-4373-8622-04B31F2F6590}.Release|x86.ActiveCfg = Release|Any CPU
		{4ED6E63D-5447-4373-8622-04B31F2F6590}.Release|x86.Build.0 = Release|Any CPU
	EndGlobalSection
	GlobalSection(SolutionProperties) = preSolution
		HideSolutionNode = FALSE
	EndGlobalSection
	GlobalSection(NestedProjects) = preSolution
		{DAB99295-4B94-42A4-B86D-8000D73E9CDD} = {827E0CD3-B72D-47B6-A68D-7590B98EB39B}
		{D97D48D1-7E64-42CE-BD1F-1CD43524AF03} = {827E0CD3-B72D-47B6-A68D-7590B98EB39B}
		{E2077E4E-0400-4A7A-8038-4A9F88A7A7C1} = {827E0CD3-B72D-47B6-A68D-7590B98EB39B}
		{580B24C8-1072-4A85-BCD4-A498221A5CCF} = {827E0CD3-B72D-47B6-A68D-7590B98EB39B}
		{2DB38D9D-ECCE-4AD4-9FDA-BF27A8659F66} = {827E0CD3-B72D-47B6-A68D-7590B98EB39B}
		{EA9D2E86-E98F-4C5D-A217-1B10DC04E92F} = {0AB3BF05-4346-4AA6-1389-037BE0695223}
		{4ED6E63D-5447-4373-8622-04B31F2F6590} = {0AB3BF05-4346-4AA6-1389-037BE0695223}
	EndGlobalSection
EndGlobal
